Microsoft Visual Studio Solution File, Format Version 12.00
# Visual Studio Version 17
VisualStudioVersion = 17.5.2.0
MinimumVisualStudioVersion = 10.0.40219.1
Project("{2150E333-8FDC-42A3-9474-1A3956D46DE8}") = "bff", "bff", "{019C950E-A97A-051D-A5FC-61C3B8C8F235}"
EndProject
Project("{FAE04EC0-301F-11D3-BF4B-00C04F79EFBC}") = "Transactions.Bff", "bff\Transactions.Bff.csproj", "{5ED8B75A-DBA5-7BDE-9EE6-33F82E154932}"
EndProject
Project("{FAE04EC0-301F-11D3-BF4B-00C04F79EFBC}") = "Transactions.Backend", "transaction-backend\Transactions.Backend.csproj", "{9F8EAC4D-D62A-4B81-A43C-579A7543B495}"
EndProject
Project("{FAE04EC0-301F-11D3-BF4B-00C04F79EFBC}") = "Transactions.Worker", "worker\Transactions.Worker.csproj", "{345481D3-02D8-4A5A-B5C8-71D0018FABF8}"
EndProject
Project("{2150E333-8FDC-42A3-9474-1A3956D46DE8}") = "transaction-backend", "transaction-backend", "{17221B89-8FFF-4E47-A3DC-818D01D01889}"
EndProject
Project("{2150E333-8FDC-42A3-9474-1A3956D46DE8}") = "tests", "tests", "{1CD0C88B-9E0E-4396-AEFA-3027644BF8E0}"
EndProject
Project("{FAE04EC0-301F-11D3-BF4B-00C04F79EFBC}") = "Transactions.Backend.Tests", "transaction-backend\tests\Transactions.Backend.Tests\Transactions.Backend.Tests.csproj", "{0FB49E0F-A301-4C0B-BE34-3B3F30B0E3A3}"
EndProject
Project("{2150E333-8FDC-42A3-9474-1A3956D46DE8}") = "tests", "tests", "{1CC0B1D2-EA90-4DB3-B14F-20604508E30C}"
EndProject
Project("{FAE04EC0-301F-11D3-BF4B-00C04F79EFBC}") = "Transactions.Bff.Tests", "bff\tests\Transactions.Bff.Tests\Transactions.Bff.Tests.csproj", "{51AA2C74-3433-4536-BD4A-DFBD638A83EB}"
EndProject
Project("{2150E333-8FDC-42A3-9474-1A3956D46DE8}") = "worker", "worker", "{1600546C-984B-40EA-9621-164BFE152C49}"
EndProject
Project("{2150E333-8FDC-42A3-9474-1A3956D46DE8}") = "tests", "tests", "{869DB81C-63B1-4D80-8199-4665AB77ED85}"
EndProject
Project("{FAE04EC0-301F-11D3-BF4B-00C04F79EFBC}") = "Transactions.Worker.Tests", "worker\tests\Transactions.Worker.Tests\Transactions.Worker.Tests.csproj", "{ECE38DB4-55AF-4564-9AE5-97DF97A73F71}"
EndProject
Global
	GlobalSection(SolutionConfigurationPlatforms) = preSolution
		Debug|Any CPU = Debug|Any CPU
		Release|Any CPU = Release|Any CPU
	EndGlobalSection
	GlobalSection(ProjectConfigurationPlatforms) = postSolution
		{5ED8B75A-DBA5-7BDE-9EE6-33F82E154932}.Debug|Any CPU.ActiveCfg = Debug|Any CPU
		{5ED8B75A-DBA5-7BDE-9EE6-33F82E154932}.Debug|Any CPU.Build.0 = Debug|Any CPU
		{5ED8B75A-DBA5-7BDE-9EE6-33F82E154932}.Release|Any CPU.ActiveCfg = Release|Any CPU
		{5ED8B75A-DBA5-7BDE-9EE6-33F82E154932}.Release|Any CPU.Build.0 = Release|Any CPU
		{9F8EAC4D-D62A-4B81-A43C-579A7543B495}.Debug|Any CPU.ActiveCfg = Debug|Any CPU
		{9F8EAC4D-D62A-4B81-A43C-579A7543B495}.Debug|Any CPU.Build.0 = Debug|Any CPU
		{9F8EAC4D-D62A-4B81-A43C-579A7543B495}.Release|Any CPU.ActiveCfg = Release|Any CPU
		{9F8EAC4D-D62A-4B81-A43C-579A7543B495}.Release|Any CPU.Build.0 = Release|Any CPU
		{345481D3-02D8-4A5A-B5C8-71D0018FABF8}.Debug|Any CPU.ActiveCfg = Debug|Any CPU
		{345481D3-02D8-4A5A-B5C8-71D0018FABF8}.Debug|Any CPU.Build.0 = Debug|Any CPU
		{345481D3-02D8-4A5A-B5C8-71D0018FABF8}.Release|Any CPU.ActiveCfg = Release|Any CPU
		{345481D3-02D8-4A5A-B5C8-71D0018FABF8}.Release|Any CPU.Build.0 = Release|Any CPU
		{0FB49E0F-A301-4C0B-BE34-3B3F30B0E3A3}.Debug|Any CPU.ActiveCfg = Debug|Any CPU
		{0FB49E0F-A301-4C0B-BE34-3B3F30B0E3A3}.Debug|Any CPU.Build.0 = Debug|Any CPU
		{0FB49E0F-A301-4C0B-BE34-3B3F30B0E3A3}.Release|Any CPU.ActiveCfg = Release|Any CPU
		{0FB49E0F-A301-4C0B-BE34-3B3F30B0E3A3}.Release|Any CPU.Build.0 = Release|Any CPU
		{51AA2C74-3433-4536-BD4A-DFBD638A83EB}.Debug|Any CPU.ActiveCfg = Debug|Any CPU
		{51AA2C74-3433-4536-BD4A-DFBD638A83EB}.Debug|Any CPU.Build.0 = Debug|Any CPU
		{51AA2C74-3433-4536-BD4A-DFBD638A83EB}.Release|Any CPU.ActiveCfg = Release|Any CPU
		{51AA2C74-3433-4536-BD4A-DFBD638A83EB}.Release|Any CPU.Build.0 = Release|Any CPU
		{ECE38DB4-55AF-4564-9AE5-97DF97A73F71}.Debug|Any CPU.ActiveCfg = Debug|Any CPU
		{ECE38DB4-55AF-4564-9AE5-97DF97A73F71}.Debug|Any CPU.Build.0 = Debug|Any CPU
		{ECE38DB4-55AF-4564-9AE5-97DF97A73F71}.Release|Any CPU.ActiveCfg = Release|Any CPU
		{ECE38DB4-55AF-4564-9AE5-97DF97A73F71}.Release|Any CPU.Build.0 = Release|Any CPU
	EndGlobalSection
	GlobalSection(SolutionProperties) = preSolution
		HideSolutionNode = FALSE
	EndGlobalSection
	GlobalSection(NestedProjects) = preSolution
		{5ED8B75A-DBA5-7BDE-9EE6-33F82E154932} = {019C950E-A97A-051D-A5FC-61C3B8C8F235}
		{1CD0C88B-9E0E-4396-AEFA-3027644BF8E0} = {17221B89-8FFF-4E47-A3DC-818D01D01889}
		{0FB49E0F-A301-4C0B-BE34-3B3F30B0E3A3} = {1CD0C88B-9E0E-4396-AEFA-3027644BF8E0}
		{1CC0B1D2-EA90-4DB3-B14F-20604508E30C} = {019C950E-A97A-051D-A5FC-61C3B8C8F235}
		{51AA2C74-3433-4536-BD4A-DFBD638A83EB} = {1CC0B1D2-EA90-4DB3-B14F-20604508E30C}
		{869DB81C-63B1-4D80-8199-4665AB77ED85} = {1600546C-984B-40EA-9621-164BFE152C49}
		{ECE38DB4-55AF-4564-9AE5-97DF97A73F71} = {869DB81C-63B1-4D80-8199-4665AB77ED85}
	EndGlobalSection
	GlobalSection(ExtensibilityGlobals) = postSolution
		SolutionGuid = {69B66CA7-D7F7-4D2F-B050-E7B20668FE69}
	EndGlobalSection
EndGlobal
